
Microsoft Visual Studio Solution File, Format Version 12.00
# Visual Studio Version 16
VisualStudioVersion = 16.0.31729.503
MinimumVisualStudioVersion = 10.0.40219.1
Project("{9A19103F-16F7-4668-BE54-9A1E7A4F7556}") = "AdminLTECreativa", "AdminLTECreativa\AdminLTECreativa.csproj", "{8CD1FC45-78D6-48AB-BEFF-0264E7C92935}"
EndProject
Global
	GlobalSection(SolutionConfigurationPlatforms) = preSolution
		Debug|Any CPU = Debug|Any CPU
		Release|Any CPU = Release|Any CPU
	EndGlobalSection
	GlobalSection(ProjectConfigurationPlatforms) = postSolution
		{8CD1FC45-78D6-48AB-BEFF-0264E7C92935}.Debug|Any CPU.ActiveCfg = Debug|Any CPU
		{8CD1FC45-78D6-48AB-BEFF-0264E7C92935}.Debug|Any CPU.Build.0 = Debug|Any CPU
		{8CD1FC45-78D6-48AB-BEFF-0264E7C92935}.Release|Any CPU.ActiveCfg = Release|Any CPU
		{8CD1FC45-78D6-48AB-BEFF-0264E7C92935}.Release|Any CPU.Build.0 = Release|Any CPU
	EndGlobalSection
	GlobalSection(SolutionProperties) = preSolution
		HideSolutionNode = FALSE
	EndGlobalSection
	GlobalSection(ExtensibilityGlobals) = postSolution
		SolutionGuid = {BC03BB8C-9589-44FB-9517-BE92A57FAD8F}
	EndGlobalSection
EndGlobal
